
Microsoft Visual Studio Solution File, Format Version 12.00
# Visual Studio 15
VisualStudioVersion = 15.0.28307.779
MinimumVisualStudioVersion = 10.0.40219.1
Project("{FAE04EC0-301F-11D3-BF4B-00C04F79EFBC}") = "TelefonInterface", "TelefonInterface\TelefonInterface.csproj", "{B6B159EE-F359-4F98-A364-4D4E9FDE2092}"
EndProject
Global
	GlobalSection(SolutionConfigurationPlatforms) = preSolution
		Debug|Any CPU = Debug|Any CPU
		Release|Any CPU = Release|Any CPU
	EndGlobalSection
	GlobalSection(ProjectConfigurationPlatforms) = postSolution
		{B6B159EE-F359-4F98-A364-4D4E9FDE2092}.Debug|Any CPU.ActiveCfg = Debug|Any CPU
		{B6B159EE-F359-4F98-A364-4D4E9FDE2092}.Debug|Any CPU.Build.0 = Debug|Any CPU
		{B6B159EE-F359-4F98-A364-4D4E9FDE2092}.Release|Any CPU.ActiveCfg = Release|Any CPU
		{B6B159EE-F359-4F98-A364-4D4E9FDE2092}.Release|Any CPU.Build.0 = Release|Any CPU
	EndGlobalSection
	GlobalSection(SolutionProperties) = preSolution
		HideSolutionNode = FALSE
	EndGlobalSection
	GlobalSection(ExtensibilityGlobals) = postSolution
		SolutionGuid = {2B30D558-A275-46B1-9BE9-A6F5AB34FF0A}
	EndGlobalSection
EndGlobal
